
Microsoft Visual Studio Solution File, Format Version 12.00
# Visual Studio 15
VisualStudioVersion = 15.0.28010.2041
MinimumVisualStudioVersion = 10.0.40219.1
Project("{FAE04EC0-301F-11D3-BF4B-00C04F79EFBC}") = "CompanyD", "CompanyD\CompanyD.csproj", "{9884957A-29FB-43B4-8CD3-BBE42057FB50}"
EndProject
Global
	GlobalSection(SolutionConfigurationPlatforms) = preSolution
		Debug|Any CPU = Debug|Any CPU
		Release|Any CPU = Release|Any CPU
	EndGlobalSection
	GlobalSection(ProjectConfigurationPlatforms) = postSolution
		{9884957A-29FB-43B4-8CD3-BBE42057FB50}.Debug|Any CPU.ActiveCfg = Debug|Any CPU
		{9884957A-29FB-43B4-8CD3-BBE42057FB50}.Debug|Any CPU.Build.0 = Debug|Any CPU
		{9884957A-29FB-43B4-8CD3-BBE42057FB50}.Release|Any CPU.ActiveCfg = Release|Any CPU
		{9884957A-29FB-43B4-8CD3-BBE42057FB50}.Release|Any CPU.Build.0 = Release|Any CPU
	EndGlobalSection
	GlobalSection(SolutionProperties) = preSolution
		HideSolutionNode = FALSE
	EndGlobalSection
	GlobalSection(ExtensibilityGlobals) = postSolution
		SolutionGuid = {CA6891DC-7D99-496B-A459-56129EED3B4A}
	EndGlobalSection
EndGlobal
